// !$*UTF8*$!
{
	archiveVersion = 1;
	classes = {
	};
	objectVersion = 56;
	objects = {

/* Begin PBXBuildFile section */
		0E4FB36D2B65A9D900E35366 /* MyPokedexSwiftUIApp.swift in Sources */ = {isa = PBXBuildFile; fileRef = 0E4FB36C2B65A9D900E35366 /* MyPokedexSwiftUIApp.swift */; };
		0E4FB36F2B65A9D900E35366 /* ContentView.swift in Sources */ = {isa = PBXBuildFile; fileRef = 0E4FB36E2B65A9D900E35366 /* ContentView.swift */; };
		0E4FB3712B65A9DA00E35366 /* Assets.xcassets in Resources */ = {isa = PBXBuildFile; fileRef = 0E4FB3702B65A9DA00E35366 /* Assets.xcassets */; };
		0E4FB3742B65A9DA00E35366 /* Preview Assets.xcassets in Resources */ = {isa = PBXBuildFile; fileRef = 0E4FB3732B65A9DA00E35366 /* Preview Assets.xcassets */; };
		0E4FB37E2B65A9DA00E35366 /* MyPokedexSwiftUITests.swift in Sources */ = {isa = PBXBuildFile; fileRef = 0E4FB37D2B65A9DA00E35366 /* MyPokedexSwiftUITests.swift */; };
		0E4FB3882B65A9DA00E35366 /* MyPokedexSwiftUIUITests.swift in Sources */ = {isa = PBXBuildFile; fileRef = 0E4FB3872B65A9DA00E35366 /* MyPokedexSwiftUIUITests.swift */; };
		0E4FB38A2B65A9DA00E35366 /* MyPokedexSwiftUIUITestsLaunchTests.swift in Sources */ = {isa = PBXBuildFile; fileRef = 0E4FB3892B65A9DA00E35366 /* MyPokedexSwiftUIUITestsLaunchTests.swift */; };
		0E4FB39B2B65AE5900E35366 /* OnboardingView.swift in Sources */ = {isa = PBXBuildFile; fileRef = 0E4FB39A2B65AE5900E35366 /* OnboardingView.swift */; };
		0E4FB3A32B65B11D00E35366 /* Poppins-Regular.ttf in Resources */ = {isa = PBXBuildFile; fileRef = 0E4FB39E2B65B11D00E35366 /* Poppins-Regular.ttf */; };
		0E4FB3A42B65B11D00E35366 /* Poppins-Bold.ttf in Resources */ = {isa = PBXBuildFile; fileRef = 0E4FB39F2B65B11D00E35366 /* Poppins-Bold.ttf */; };
		0E4FB3A52B65B11D00E35366 /* Poppins-Medium.ttf in Resources */ = {isa = PBXBuildFile; fileRef = 0E4FB3A02B65B11D00E35366 /* Poppins-Medium.ttf */; };
		0E4FB3A62B65B11D00E35366 /* Poppins-Light.ttf in Resources */ = {isa = PBXBuildFile; fileRef = 0E4FB3A12B65B11D00E35366 /* Poppins-Light.ttf */; };
		0E4FB3A72B65B11D00E35366 /* Poppins-SemiBold.ttf in Resources */ = {isa = PBXBuildFile; fileRef = 0E4FB3A22B65B11D00E35366 /* Poppins-SemiBold.ttf */; };
		0E7139272B66F283004033C4 /* MyColors.xcassets in Resources */ = {isa = PBXBuildFile; fileRef = 0E7139262B66F283004033C4 /* MyColors.xcassets */; };
		0E7139292B66FC05004033C4 /* OnboardingViewModel.swift in Sources */ = {isa = PBXBuildFile; fileRef = 0E7139282B66FC05004033C4 /* OnboardingViewModel.swift */; };
		0E71392B2B66FCDD004033C4 /* OnboardingStep.swift in Sources */ = {isa = PBXBuildFile; fileRef = 0E71392A2B66FCDD004033C4 /* OnboardingStep.swift */; };
/* End PBXBuildFile section */

/* Begin PBXContainerItemProxy section */
		0E4FB37A2B65A9DA00E35366 /* PBXContainerItemProxy */ = {
			isa = PBXContainerItemProxy;
			containerPortal = 0E4FB3612B65A9D900E35366 /* Project object */;
			proxyType = 1;
			remoteGlobalIDString = 0E4FB3682B65A9D900E35366;
			remoteInfo = MyPokedexSwiftUI;
		};
		0E4FB3842B65A9DA00E35366 /* PBXContainerItemProxy */ = {
			isa = PBXContainerItemProxy;
			containerPortal = 0E4FB3612B65A9D900E35366 /* Project object */;
			proxyType = 1;
			remoteGlobalIDString = 0E4FB3682B65A9D900E35366;
			remoteInfo = MyPokedexSwiftUI;
		};
/* End PBXContainerItemProxy section */

/* Begin PBXFileReference section */
		0E4FB3692B65A9D900E35366 /* MyPokedexSwiftUI.app */ = {isa = PBXFileReference; explicitFileType = wrapper.application; includeInIndex = 0; path = MyPokedexSwiftUI.app; sourceTree = BUILT_PRODUCTS_DIR; };
		0E4FB36C2B65A9D900E35366 /* MyPokedexSwiftUIApp.swift */ = {isa = PBXFileReference; lastKnownFileType = sourcecode.swift; path = MyPokedexSwiftUIApp.swift; sourceTree = "<group>"; };
		0E4FB36E2B65A9D900E35366 /* ContentView.swift */ = {isa = PBXFileReference; lastKnownFileType = sourcecode.swift; path = ContentView.swift; sourceTree = "<group>"; };
		0E4FB3702B65A9DA00E35366 /* Assets.xcassets */ = {isa = PBXFileReference; lastKnownFileType = folder.assetcatalog; path = Assets.xcassets; sourceTree = "<group>"; };
		0E4FB3732B65A9DA00E35366 /* Preview Assets.xcassets */ = {isa = PBXFileReference; lastKnownFileType = folder.assetcatalog; path = "Preview Assets.xcassets"; sourceTree = "<group>"; };
		0E4FB3792B65A9DA00E35366 /* MyPokedexSwiftUITests.xctest */ = {isa = PBXFileReference; explicitFileType = wrapper.cfbundle; includeInIndex = 0; path = MyPokedexSwiftUITests.xctest; sourceTree = BUILT_PRODUCTS_DIR; };
		0E4FB37D2B65A9DA00E35366 /* MyPokedexSwiftUITests.swift */ = {isa = PBXFileReference; lastKnownFileType = sourcecode.swift; path = MyPokedexSwiftUITests.swift; sourceTree = "<group>"; };
		0E4FB3832B65A9DA00E35366 /* MyPokedexSwiftUIUITests.xctest */ = {isa = PBXFileReference; explicitFileType = wrapper.cfbundle; includeInIndex = 0; path = MyPokedexSwiftUIUITests.xctest; sourceTree = BUILT_PRODUCTS_DIR; };
		0E4FB3872B65A9DA00E35366 /* MyPokedexSwiftUIUITests.swift */ = {isa = PBXFileReference; lastKnownFileType = sourcecode.swift; path = MyPokedexSwiftUIUITests.swift; sourceTree = "<group>"; };
		0E4FB3892B65A9DA00E35366 /* MyPokedexSwiftUIUITestsLaunchTests.swift */ = {isa = PBXFileReference; lastKnownFileType = sourcecode.swift; path = MyPokedexSwiftUIUITestsLaunchTests.swift; sourceTree = "<group>"; };
		0E4FB39A2B65AE5900E35366 /* OnboardingView.swift */ = {isa = PBXFileReference; lastKnownFileType = sourcecode.swift; path = OnboardingView.swift; sourceTree = "<group>"; };
		0E4FB39E2B65B11D00E35366 /* Poppins-Regular.ttf */ = {isa = PBXFileReference; lastKnownFileType = file; path = "Poppins-Regular.ttf"; sourceTree = "<group>"; };
		0E4FB39F2B65B11D00E35366 /* Poppins-Bold.ttf */ = {isa = PBXFileReference; lastKnownFileType = file; path = "Poppins-Bold.ttf"; sourceTree = "<group>"; };
		0E4FB3A02B65B11D00E35366 /* Poppins-Medium.ttf */ = {isa = PBXFileReference; lastKnownFileType = file; path = "Poppins-Medium.ttf"; sourceTree = "<group>"; };
		0E4FB3A12B65B11D00E35366 /* Poppins-Light.ttf */ = {isa = PBXFileReference; lastKnownFileType = file; path = "Poppins-Light.ttf"; sourceTree = "<group>"; };
		0E4FB3A22B65B11D00E35366 /* Poppins-SemiBold.ttf */ = {isa = PBXFileReference; lastKnownFileType = file; path = "Poppins-SemiBold.ttf"; sourceTree = "<group>"; };
		0E4FB3A82B65B13200E35366 /* Info.plist */ = {isa = PBXFileReference; lastKnownFileType = text.plist; path = Info.plist; sourceTree = "<group>"; };
		0E7139262B66F283004033C4 /* MyColors.xcassets */ = {isa = PBXFileReference; lastKnownFileType = folder.assetcatalog; path = MyColors.xcassets; sourceTree = "<group>"; };
		0E7139282B66FC05004033C4 /* OnboardingViewModel.swift */ = {isa = PBXFileReference; lastKnownFileType = sourcecode.swift; path = OnboardingViewModel.swift; sourceTree = "<group>"; };
		0E71392A2B66FCDD004033C4 /* OnboardingStep.swift */ = {isa = PBXFileReference; lastKnownFileType = sourcecode.swift; path = OnboardingStep.swift; sourceTree = "<group>"; };
/* End PBXFileReference section */

/* Begin PBXFrameworksBuildPhase section */
		0E4FB3662B65A9D900E35366 /* Frameworks */ = {
			isa = PBXFrameworksBuildPhase;
			buildActionMask = 2147483647;
			files = (
			);
			runOnlyForDeploymentPostprocessing = 0;
		};
		0E4FB3762B65A9DA00E35366 /* Frameworks */ = {
			isa = PBXFrameworksBuildPhase;
			buildActionMask = 2147483647;
			files = (
			);
			runOnlyForDeploymentPostprocessing = 0;
		};
		0E4FB3802B65A9DA00E35366 /* Frameworks */ = {
			isa = PBXFrameworksBuildPhase;
			buildActionMask = 2147483647;
			files = (
			);
			runOnlyForDeploymentPostprocessing = 0;
		};
/* End PBXFrameworksBuildPhase section */

/* Begin PBXGroup section */
		0E4FB3602B65A9D900E35366 = {
			isa = PBXGroup;
			children = (
				0E4FB36B2B65A9D900E35366 /* MyPokedexSwiftUI */,
				0E4FB37C2B65A9DA00E35366 /* MyPokedexSwiftUITests */,
				0E4FB3862B65A9DA00E35366 /* MyPokedexSwiftUIUITests */,
				0E4FB36A2B65A9D900E35366 /* Products */,
			);
			sourceTree = "<group>";
		};
		0E4FB36A2B65A9D900E35366 /* Products */ = {
			isa = PBXGroup;
			children = (
				0E4FB3692B65A9D900E35366 /* MyPokedexSwiftUI.app */,
				0E4FB3792B65A9DA00E35366 /* MyPokedexSwiftUITests.xctest */,
				0E4FB3832B65A9DA00E35366 /* MyPokedexSwiftUIUITests.xctest */,
			);
			name = Products;
			sourceTree = "<group>";
		};
		0E4FB36B2B65A9D900E35366 /* MyPokedexSwiftUI */ = {
			isa = PBXGroup;
			children = (
				0E4FB3A82B65B13200E35366 /* Info.plist */,
				0E4FB39C2B65B0F500E35366 /* Utils */,
				0E4FB3962B65AE1F00E35366 /* Onboarding */,
				0E4FB36C2B65A9D900E35366 /* MyPokedexSwiftUIApp.swift */,
				0E4FB36E2B65A9D900E35366 /* ContentView.swift */,
				0E4FB3722B65A9DA00E35366 /* Preview Content */,
			);
			path = MyPokedexSwiftUI;
			sourceTree = "<group>";
		};
		0E4FB3722B65A9DA00E35366 /* Preview Content */ = {
			isa = PBXGroup;
			children = (
				0E4FB3732B65A9DA00E35366 /* Preview Assets.xcassets */,
			);
			path = "Preview Content";
			sourceTree = "<group>";
		};
		0E4FB37C2B65A9DA00E35366 /* MyPokedexSwiftUITests */ = {
			isa = PBXGroup;
			children = (
				0E4FB37D2B65A9DA00E35366 /* MyPokedexSwiftUITests.swift */,
			);
			path = MyPokedexSwiftUITests;
			sourceTree = "<group>";
		};
		0E4FB3862B65A9DA00E35366 /* MyPokedexSwiftUIUITests */ = {
			isa = PBXGroup;
			children = (
				0E4FB3872B65A9DA00E35366 /* MyPokedexSwiftUIUITests.swift */,
				0E4FB3892B65A9DA00E35366 /* MyPokedexSwiftUIUITestsLaunchTests.swift */,
			);
			path = MyPokedexSwiftUIUITests;
			sourceTree = "<group>";
		};
		0E4FB3962B65AE1F00E35366 /* Onboarding */ = {
			isa = PBXGroup;
			children = (
				0E4FB3992B65AE3900E35366 /* ViewModel */,
				0E4FB3982B65AE3300E35366 /* View */,
				0E4FB3972B65AE2B00E35366 /* Model */,
			);
			path = Onboarding;
			sourceTree = "<group>";
		};
		0E4FB3972B65AE2B00E35366 /* Model */ = {
			isa = PBXGroup;
			children = (
				0E71392A2B66FCDD004033C4 /* OnboardingStep.swift */,
			);
			path = Model;
			sourceTree = "<group>";
		};
		0E4FB3982B65AE3300E35366 /* View */ = {
			isa = PBXGroup;
			children = (
				0E4FB39A2B65AE5900E35366 /* OnboardingView.swift */,
			);
			path = View;
			sourceTree = "<group>";
		};
		0E4FB3992B65AE3900E35366 /* ViewModel */ = {
			isa = PBXGroup;
			children = (
				0E7139282B66FC05004033C4 /* OnboardingViewModel.swift */,
			);
			path = ViewModel;
			sourceTree = "<group>";
		};
		0E4FB39C2B65B0F500E35366 /* Utils */ = {
			isa = PBXGroup;
			children = (
				0E7139252B66F238004033C4 /* Assets */,
				0E4FB39D2B65B0FE00E35366 /* Fonts */,
			);
			path = Utils;
			sourceTree = "<group>";
		};
		0E4FB39D2B65B0FE00E35366 /* Fonts */ = {
			isa = PBXGroup;
			children = (
				0E4FB39F2B65B11D00E35366 /* Poppins-Bold.ttf */,
				0E4FB3A12B65B11D00E35366 /* Poppins-Light.ttf */,
				0E4FB3A02B65B11D00E35366 /* Poppins-Medium.ttf */,
				0E4FB39E2B65B11D00E35366 /* Poppins-Regular.ttf */,
				0E4FB3A22B65B11D00E35366 /* Poppins-SemiBold.ttf */,
			);
			path = Fonts;
			sourceTree = "<group>";
		};
		0E7139252B66F238004033C4 /* Assets */ = {
			isa = PBXGroup;
			children = (
				0E4FB3702B65A9DA00E35366 /* Assets.xcassets */,
				0E7139262B66F283004033C4 /* MyColors.xcassets */,
			);
			path = Assets;
			sourceTree = "<group>";
		};
/* End PBXGroup section */

/* Begin PBXNativeTarget section */
		0E4FB3682B65A9D900E35366 /* MyPokedexSwiftUI */ = {
			isa = PBXNativeTarget;
			buildConfigurationList = 0E4FB38D2B65A9DA00E35366 /* Build configuration list for PBXNativeTarget "MyPokedexSwiftUI" */;
			buildPhases = (
				0E4FB3652B65A9D900E35366 /* Sources */,
				0E4FB3662B65A9D900E35366 /* Frameworks */,
				0E4FB3672B65A9D900E35366 /* Resources */,
			);
			buildRules = (
			);
			dependencies = (
			);
			name = MyPokedexSwiftUI;
			productName = MyPokedexSwiftUI;
			productReference = 0E4FB3692B65A9D900E35366 /* MyPokedexSwiftUI.app */;
			productType = "com.apple.product-type.application";
		};
		0E4FB3782B65A9DA00E35366 /* MyPokedexSwiftUITests */ = {
			isa = PBXNativeTarget;
			buildConfigurationList = 0E4FB3902B65A9DA00E35366 /* Build configuration list for PBXNativeTarget "MyPokedexSwiftUITests" */;
			buildPhases = (
				0E4FB3752B65A9DA00E35366 /* Sources */,
				0E4FB3762B65A9DA00E35366 /* Frameworks */,
				0E4FB3772B65A9DA00E35366 /* Resources */,
			);
			buildRules = (
			);
			dependencies = (
				0E4FB37B2B65A9DA00E35366 /* PBXTargetDependency */,
			);
			name = MyPokedexSwiftUITests;
			productName = MyPokedexSwiftUITests;
			productReference = 0E4FB3792B65A9DA00E35366 /* MyPokedexSwiftUITests.xctest */;
			productType = "com.apple.product-type.bundle.unit-test";
		};
		0E4FB3822B65A9DA00E35366 /* MyPokedexSwiftUIUITests */ = {
			isa = PBXNativeTarget;
			buildConfigurationList = 0E4FB3932B65A9DA00E35366 /* Build configuration list for PBXNativeTarget "MyPokedexSwiftUIUITests" */;
			buildPhases = (
				0E4FB37F2B65A9DA00E35366 /* Sources */,
				0E4FB3802B65A9DA00E35366 /* Frameworks */,
				0E4FB3812B65A9DA00E35366 /* Resources */,
			);
			buildRules = (
			);
			dependencies = (
				0E4FB3852B65A9DA00E35366 /* PBXTargetDependency */,
			);
			name = MyPokedexSwiftUIUITests;
			productName = MyPokedexSwiftUIUITests;
			productReference = 0E4FB3832B65A9DA00E35366 /* MyPokedexSwiftUIUITests.xctest */;
			productType = "com.apple.product-type.bundle.ui-testing";
		};
/* End PBXNativeTarget section */

/* Begin PBXProject section */
		0E4FB3612B65A9D900E35366 /* Project object */ = {
			isa = PBXProject;
			attributes = {
				BuildIndependentTargetsInParallel = 1;
				LastSwiftUpdateCheck = 1500;
				LastUpgradeCheck = 1500;
				TargetAttributes = {
					0E4FB3682B65A9D900E35366 = {
						CreatedOnToolsVersion = 15.0;
					};
					0E4FB3782B65A9DA00E35366 = {
						CreatedOnToolsVersion = 15.0;
						TestTargetID = 0E4FB3682B65A9D900E35366;
					};
					0E4FB3822B65A9DA00E35366 = {
						CreatedOnToolsVersion = 15.0;
						TestTargetID = 0E4FB3682B65A9D900E35366;
					};
				};
			};
			buildConfigurationList = 0E4FB3642B65A9D900E35366 /* Build configuration list for PBXProject "MyPokedexSwiftUI" */;
			compatibilityVersion = "Xcode 14.0";
			developmentRegion = en;
			hasScannedForEncodings = 0;
			knownRegions = (
				en,
				Base,
			);
			mainGroup = 0E4FB3602B65A9D900E35366;
			productRefGroup = 0E4FB36A2B65A9D900E35366 /* Products */;
			projectDirPath = "";
			projectRoot = "";
			targets = (
				0E4FB3682B65A9D900E35366 /* MyPokedexSwiftUI */,
				0E4FB3782B65A9DA00E35366 /* MyPokedexSwiftUITests */,
				0E4FB3822B65A9DA00E35366 /* MyPokedexSwiftUIUITests */,
			);
		};
/* End PBXProject section */

/* Begin PBXResourcesBuildPhase section */
		0E4FB3672B65A9D900E35366 /* Resources */ = {
			isa = PBXResourcesBuildPhase;
			buildActionMask = 2147483647;
			files = (
				0E4FB3A32B65B11D00E35366 /* Poppins-Regular.ttf in Resources */,
				0E4FB3A72B65B11D00E35366 /* Poppins-SemiBold.ttf in Resources */,
				0E4FB3A62B65B11D00E35366 /* Poppins-Light.ttf in Resources */,
				0E4FB3742B65A9DA00E35366 /* Preview Assets.xcassets in Resources */,
				0E4FB3712B65A9DA00E35366 /* Assets.xcassets in Resources */,
				0E7139272B66F283004033C4 /* MyColors.xcassets in Resources */,
				0E4FB3A42B65B11D00E35366 /* Poppins-Bold.ttf in Resources */,
				0E4FB3A52B65B11D00E35366 /* Poppins-Medium.ttf in Resources */,
			);
			runOnlyForDeploymentPostprocessing = 0;
		};
		0E4FB3772B65A9DA00E35366 /* Resources */ = {
			isa = PBXResourcesBuildPhase;
			buildActionMask = 2147483647;
			files = (
			);
			runOnlyForDeploymentPostprocessing = 0;
		};
		0E4FB3812B65A9DA00E35366 /* Resources */ = {
			isa = PBXResourcesBuildPhase;
			buildActionMask = 2147483647;
			files = (
			);
			runOnlyForDeploymentPostprocessing = 0;
		};
/* End PBXResourcesBuildPhase section */

/* Begin PBXSourcesBuildPhase section */
		0E4FB3652B65A9D900E35366 /* Sources */ = {
			isa = PBXSourcesBuildPhase;
			buildActionMask = 2147483647;
			files = (
				0E4FB39B2B65AE5900E35366 /* OnboardingView.swift in Sources */,
				0E4FB36F2B65A9D900E35366 /* ContentView.swift in Sources */,
				0E4FB36D2B65A9D900E35366 /* MyPokedexSwiftUIApp.swift in Sources */,
				0E71392B2B66FCDD004033C4 /* OnboardingStep.swift in Sources */,
				0E7139292B66FC05004033C4 /* OnboardingViewModel.swift in Sources */,
			);
			runOnlyForDeploymentPostprocessing = 0;
		};
		0E4FB3752B65A9DA00E35366 /* Sources */ = {
			isa = PBXSourcesBuildPhase;
			buildActionMask = 2147483647;
			files = (
				0E4FB37E2B65A9DA00E35366 /* MyPokedexSwiftUITests.swift in Sources */,
			);
			runOnlyForDeploymentPostprocessing = 0;
		};
		0E4FB37F2B65A9DA00E35366 /* Sources */ = {
			isa = PBXSourcesBuildPhase;
			buildActionMask = 2147483647;
			files = (
				0E4FB3882B65A9DA00E35366 /* MyPokedexSwiftUIUITests.swift in Sources */,
				0E4FB38A2B65A9DA00E35366 /* MyPokedexSwiftUIUITestsLaunchTests.swift in Sources */,
			);
			runOnlyForDeploymentPostprocessing = 0;
		};
/* End PBXSourcesBuildPhase section */

/* Begin PBXTargetDependency section */
		0E4FB37B2B65A9DA00E35366 /* PBXTargetDependency */ = {
			isa = PBXTargetDependency;
			target = 0E4FB3682B65A9D900E35366 /* MyPokedexSwiftUI */;
			targetProxy = 0E4FB37A2B65A9DA00E35366 /* PBXContainerItemProxy */;
		};
		0E4FB3852B65A9DA00E35366 /* PBXTargetDependency */ = {
			isa = PBXTargetDependency;
			target = 0E4FB3682B65A9D900E35366 /* MyPokedexSwiftUI */;
			targetProxy = 0E4FB3842B65A9DA00E35366 /* PBXContainerItemProxy */;
		};
/* End PBXTargetDependency section */

/* Begin XCBuildConfiguration section */
		0E4FB38B2B65A9DA00E35366 /* Debug */ = {
			isa = XCBuildConfiguration;
			buildSettings = {
				ALWAYS_SEARCH_USER_PATHS = NO;
				ASSETCATALOG_COMPILER_GENERATE_SWIFT_ASSET_SYMBOL_EXTENSIONS = YES;
				CLANG_ANALYZER_NONNULL = YES;
				CLANG_ANALYZER_NUMBER_OBJECT_CONVERSION = YES_AGGRESSIVE;
				CLANG_CXX_LANGUAGE_STANDARD = "gnu++20";
				CLANG_ENABLE_MODULES = YES;
				CLANG_ENABLE_OBJC_ARC = YES;
				CLANG_ENABLE_OBJC_WEAK = YES;
				CLANG_WARN_BLOCK_CAPTURE_AUTORELEASING = YES;
				CLANG_WARN_BOOL_CONVERSION = YES;
				CLANG_WARN_COMMA = YES;
				CLANG_WARN_CONSTANT_CONVERSION = YES;
				CLANG_WARN_DEPRECATED_OBJC_IMPLEMENTATIONS = YES;
				CLANG_WARN_DIRECT_OBJC_ISA_USAGE = YES_ERROR;
				CLANG_WARN_DOCUMENTATION_COMMENTS = YES;
				CLANG_WARN_EMPTY_BODY = YES;
				CLANG_WARN_ENUM_CONVERSION = YES;
				CLANG_WARN_INFINITE_RECURSION = YES;
				CLANG_WARN_INT_CONVERSION = YES;
				CLANG_WARN_NON_LITERAL_NULL_CONVERSION = YES;
				CLANG_WARN_OBJC_IMPLICIT_RETAIN_SELF = YES;
				CLANG_WARN_OBJC_LITERAL_CONVERSION = YES;
				CLANG_WARN_OBJC_ROOT_CLASS = YES_ERROR;
				CLANG_WARN_QUOTED_INCLUDE_IN_FRAMEWORK_HEADER = YES;
				CLANG_WARN_RANGE_LOOP_ANALYSIS = YES;
				CLANG_WARN_STRICT_PROTOTYPES = YES;
				CLANG_WARN_SUSPICIOUS_MOVE = YES;
				CLANG_WARN_UNGUARDED_AVAILABILITY = YES_AGGRESSIVE;
				CLANG_WARN_UNREACHABLE_CODE = YES;
				CLANG_WARN__DUPLICATE_METHOD_MATCH = YES;
				COPY_PHASE_STRIP = NO;
				DEBUG_INFORMATION_FORMAT = dwarf;
				ENABLE_STRICT_OBJC_MSGSEND = YES;
				ENABLE_TESTABILITY = YES;
				ENABLE_USER_SCRIPT_SANDBOXING = YES;
				GCC_C_LANGUAGE_STANDARD = gnu17;
				GCC_DYNAMIC_NO_PIC = NO;
				GCC_NO_COMMON_BLOCKS = YES;
				GCC_OPTIMIZATION_LEVEL = 0;
				GCC_PREPROCESSOR_DEFINITIONS = (
					"DEBUG=1",
					"$(inherited)",
				);
				GCC_WARN_64_TO_32_BIT_CONVERSION = YES;
				GCC_WARN_ABOUT_RETURN_TYPE = YES_ERROR;
				GCC_WARN_UNDECLARED_SELECTOR = YES;
				GCC_WARN_UNINITIALIZED_AUTOS = YES_AGGRESSIVE;
				GCC_WARN_UNUSED_FUNCTION = YES;
				GCC_WARN_UNUSED_VARIABLE = YES;
				IPHONEOS_DEPLOYMENT_TARGET = 17.0;
				LOCALIZATION_PREFERS_STRING_CATALOGS = YES;
				MTL_ENABLE_DEBUG_INFO = INCLUDE_SOURCE;
				MTL_FAST_MATH = YES;
				ONLY_ACTIVE_ARCH = YES;
				SDKROOT = iphoneos;
				SWIFT_ACTIVE_COMPILATION_CONDITIONS = "DEBUG $(inherited)";
				SWIFT_OPTIMIZATION_LEVEL = "-Onone";
			};
			name = Debug;
		};
		0E4FB38C2B65A9DA00E35366 /* Release */ = {
			isa = XCBuildConfiguration;
			buildSettings = {
				ALWAYS_SEARCH_USER_PATHS = NO;
				ASSETCATALOG_COMPILER_GENERATE_SWIFT_ASSET_SYMBOL_EXTENSIONS = YES;
				CLANG_ANALYZER_NONNULL = YES;
				CLANG_ANALYZER_NUMBER_OBJECT_CONVERSION = YES_AGGRESSIVE;
				CLANG_CXX_LANGUAGE_STANDARD = "gnu++20";
				CLANG_ENABLE_MODULES = YES;
				CLANG_ENABLE_OBJC_ARC = YES;
				CLANG_ENABLE_OBJC_WEAK = YES;
				CLANG_WARN_BLOCK_CAPTURE_AUTORELEASING = YES;
				CLANG_WARN_BOOL_CONVERSION = YES;
				CLANG_WARN_COMMA = YES;
				CLANG_WARN_CONSTANT_CONVERSION = YES;
				CLANG_WARN_DEPRECATED_OBJC_IMPLEMENTATIONS = YES;
				CLANG_WARN_DIRECT_OBJC_ISA_USAGE = YES_ERROR;
				CLANG_WARN_DOCUMENTATION_COMMENTS = YES;
				CLANG_WARN_EMPTY_BODY = YES;
				CLANG_WARN_ENUM_CONVERSION = YES;
				CLANG_WARN_INFINITE_RECURSION = YES;
				CLANG_WARN_INT_CONVERSION = YES;
				CLANG_WARN_NON_LITERAL_NULL_CONVERSION = YES;
				CLANG_WARN_OBJC_IMPLICIT_RETAIN_SELF = YES;
				CLANG_WARN_OBJC_LITERAL_CONVERSION = YES;
				CLANG_WARN_OBJC_ROOT_CLASS = YES_ERROR;
				CLANG_WARN_QUOTED_INCLUDE_IN_FRAMEWORK_HEADER = YES;
				CLANG_WARN_RANGE_LOOP_ANALYSIS = YES;
				CLANG_WARN_STRICT_PROTOTYPES = YES;
				CLANG_WARN_SUSPICIOUS_MOVE = YES;
				CLANG_WARN_UNGUARDED_AVAILABILITY = YES_AGGRESSIVE;
				CLANG_WARN_UNREACHABLE_CODE = YES;
				CLANG_WARN__DUPLICATE_METHOD_MATCH = YES;
				COPY_PHASE_STRIP = NO;
				DEBUG_INFORMATION_FORMAT = "dwarf-with-dsym";
				ENABLE_NS_ASSERTIONS = NO;
				ENABLE_STRICT_OBJC_MSGSEND = YES;
				ENABLE_USER_SCRIPT_SANDBOXING = YES;
				GCC_C_LANGUAGE_STANDARD = gnu17;
				GCC_NO_COMMON_BLOCKS = YES;
				GCC_WARN_64_TO_32_BIT_CONVERSION = YES;
				GCC_WARN_ABOUT_RETURN_TYPE = YES_ERROR;
				GCC_WARN_UNDECLARED_SELECTOR = YES;
				GCC_WARN_UNINITIALIZED_AUTOS = YES_AGGRESSIVE;
				GCC_WARN_UNUSED_FUNCTION = YES;
				GCC_WARN_UNUSED_VARIABLE = YES;
				IPHONEOS_DEPLOYMENT_TARGET = 17.0;
				LOCALIZATION_PREFERS_STRING_CATALOGS = YES;
				MTL_ENABLE_DEBUG_INFO = NO;
				MTL_FAST_MATH = YES;
				SDKROOT = iphoneos;
				SWIFT_COMPILATION_MODE = wholemodule;
				VALIDATE_PRODUCT = YES;
			};
			name = Release;
		};
		0E4FB38E2B65A9DA00E35366 /* Debug */ = {
			isa = XCBuildConfiguration;
			buildSettings = {
				ASSETCATALOG_COMPILER_APPICON_NAME = AppIcon;
				ASSETCATALOG_COMPILER_GLOBAL_ACCENT_COLOR_NAME = AccentColor;
				CODE_SIGN_STYLE = Automatic;
				CURRENT_PROJECT_VERSION = 1;
				DEVELOPMENT_ASSET_PATHS = "\"MyPokedexSwiftUI/Preview Content\"";
				ENABLE_PREVIEWS = YES;
				GENERATE_INFOPLIST_FILE = YES;
				INFOPLIST_FILE = MyPokedexSwiftUI/Info.plist;
				INFOPLIST_KEY_UIApplicationSceneManifest_Generation = YES;
				INFOPLIST_KEY_UIApplicationSupportsIndirectInputEvents = YES;
				INFOPLIST_KEY_UILaunchScreen_Generation = YES;
				INFOPLIST_KEY_UISupportedInterfaceOrientations_iPad = "UIInterfaceOrientationPortrait UIInterfaceOrientationPortraitUpsideDown UIInterfaceOrientationLandscapeLeft UIInterfaceOrientationLandscapeRight";
				INFOPLIST_KEY_UISupportedInterfaceOrientations_iPhone = "UIInterfaceOrientationPortrait UIInterfaceOrientationLandscapeLeft UIInterfaceOrientationLandscapeRight";
				LD_RUNPATH_SEARCH_PATHS = (
					"$(inherited)",
					"@executable_path/Frameworks",
				);
				MARKETING_VERSION = 1.0;
				PRODUCT_BUNDLE_IDENTIFIER = "bruno-marques.MyPokedexSwiftUI";
				PRODUCT_NAME = "$(TARGET_NAME)";
				SWIFT_EMIT_LOC_STRINGS = YES;
				SWIFT_VERSION = 5.0;
				TARGETED_DEVICE_FAMILY = "1,2";
			};
			name = Debug;
		};
		0E4FB38F2B65A9DA00E35366 /* Release */ = {
			isa = XCBuildConfiguration;
			buildSettings = {
				ASSETCATALOG_COMPILER_APPICON_NAME = AppIcon;
				ASSETCATALOG_COMPILER_GLOBAL_ACCENT_COLOR_NAME = AccentColor;
				CODE_SIGN_STYLE = Automatic;
				CURRENT_PROJECT_VERSION = 1;
				DEVELOPMENT_ASSET_PATHS = "\"MyPokedexSwiftUI/Preview Content\"";
				ENABLE_PREVIEWS = YES;
				GENERATE_INFOPLIST_FILE = YES;
				INFOPLIST_FILE = MyPokedexSwiftUI/Info.plist;
				INFOPLIST_KEY_UIApplicationSceneManifest_Generation = YES;
				INFOPLIST_KEY_UIApplicationSupportsIndirectInputEvents = YES;
				INFOPLIST_KEY_UILaunchScreen_Generation = YES;
				INFOPLIST_KEY_UISupportedInterfaceOrientations_iPad = "UIInterfaceOrientationPortrait UIInterfaceOrientationPortraitUpsideDown UIInterfaceOrientationLandscapeLeft UIInterfaceOrientationLandscapeRight";
				INFOPLIST_KEY_UISupportedInterfaceOrientations_iPhone = "UIInterfaceOrientationPortrait UIInterfaceOrientationLandscapeLeft UIInterfaceOrientationLandscapeRight";
				LD_RUNPATH_SEARCH_PATHS = (
					"$(inherited)",
					"@executable_path/Frameworks",
				);
				MARKETING_VERSION = 1.0;
				PRODUCT_BUNDLE_IDENTIFIER = "bruno-marques.MyPokedexSwiftUI";
				PRODUCT_NAME = "$(TARGET_NAME)";
				SWIFT_EMIT_LOC_STRINGS = YES;
				SWIFT_VERSION = 5.0;
				TARGETED_DEVICE_FAMILY = "1,2";
			};
			name = Release;
		};
		0E4FB3912B65A9DA00E35366 /* Debug */ = {
			isa = XCBuildConfiguration;
			buildSettings = {
				ALWAYS_EMBED_SWIFT_STANDARD_LIBRARIES = YES;
				BUNDLE_LOADER = "$(TEST_HOST)";
				CODE_SIGN_STYLE = Automatic;
				CURRENT_PROJECT_VERSION = 1;
				GENERATE_INFOPLIST_FILE = YES;
				IPHONEOS_DEPLOYMENT_TARGET = 17.0;
				MARKETING_VERSION = 1.0;
				PRODUCT_BUNDLE_IDENTIFIER = "bruno-marques.MyPokedexSwiftUITests";
				PRODUCT_NAME = "$(TARGET_NAME)";
				SWIFT_EMIT_LOC_STRINGS = NO;
				SWIFT_VERSION = 5.0;
				TARGETED_DEVICE_FAMILY = "1,2";
				TEST_HOST = "$(BUILT_PRODUCTS_DIR)/MyPokedexSwiftUI.app/$(BUNDLE_EXECUTABLE_FOLDER_PATH)/MyPokedexSwiftUI";
			};
			name = Debug;
		};
		0E4FB3922B65A9DA00E35366 /* Release */ = {
			isa = XCBuildConfiguration;
			buildSettings = {
				ALWAYS_EMBED_SWIFT_STANDARD_LIBRARIES = YES;
				BUNDLE_LOADER = "$(TEST_HOST)";
				CODE_SIGN_STYLE = Automatic;
				CURRENT_PROJECT_VERSION = 1;
				GENERATE_INFOPLIST_FILE = YES;
				IPHONEOS_DEPLOYMENT_TARGET = 17.0;
				MARKETING_VERSION = 1.0;
				PRODUCT_BUNDLE_IDENTIFIER = "bruno-marques.MyPokedexSwiftUITests";
				PRODUCT_NAME = "$(TARGET_NAME)";
				SWIFT_EMIT_LOC_STRINGS = NO;
				SWIFT_VERSION = 5.0;
				TARGETED_DEVICE_FAMILY = "1,2";
				TEST_HOST = "$(BUILT_PRODUCTS_DIR)/MyPokedexSwiftUI.app/$(BUNDLE_EXECUTABLE_FOLDER_PATH)/MyPokedexSwiftUI";
			};
			name = Release;
		};
		0E4FB3942B65A9DA00E35366 /* Debug */ = {
			isa = XCBuildConfiguration;
			buildSettings = {
				ALWAYS_EMBED_SWIFT_STANDARD_LIBRARIES = YES;
				CODE_SIGN_STYLE = Automatic;
				CURRENT_PROJECT_VERSION = 1;
				GENERATE_INFOPLIST_FILE = YES;
				MARKETING_VERSION = 1.0;
				PRODUCT_BUNDLE_IDENTIFIER = "bruno-marques.MyPokedexSwiftUIUITests";
				PRODUCT_NAME = "$(TARGET_NAME)";
				SWIFT_EMIT_LOC_STRINGS = NO;
				SWIFT_VERSION = 5.0;
				TARGETED_DEVICE_FAMILY = "1,2";
				TEST_TARGET_NAME = MyPokedexSwiftUI;
			};
			name = Debug;
		};
		0E4FB3952B65A9DA00E35366 /* Release */ = {
			isa = XCBuildConfiguration;
			buildSettings = {
				ALWAYS_EMBED_SWIFT_STANDARD_LIBRARIES = YES;
				CODE_SIGN_STYLE = Automatic;
				CURRENT_PROJECT_VERSION = 1;
				GENERATE_INFOPLIST_FILE = YES;
				MARKETING_VERSION = 1.0;
				PRODUCT_BUNDLE_IDENTIFIER = "bruno-marques.MyPokedexSwiftUIUITests";
				PRODUCT_NAME = "$(TARGET_NAME)";
				SWIFT_EMIT_LOC_STRINGS = NO;
				SWIFT_VERSION = 5.0;
				TARGETED_DEVICE_FAMILY = "1,2";
				TEST_TARGET_NAME = MyPokedexSwiftUI;
			};
			name = Release;
		};
/* End XCBuildConfiguration section */

/* Begin XCConfigurationList section */
		0E4FB3642B65A9D900E35366 /* Build configuration list for PBXProject "MyPokedexSwiftUI" */ = {
			isa = XCConfigurationList;
			buildConfigurations = (
				0E4FB38B2B65A9DA00E35366 /* Debug */,
				0E4FB38C2B65A9DA00E35366 /* Release */,
			);
			defaultConfigurationIsVisible = 0;
			defaultConfigurationName = Release;
		};
		0E4FB38D2B65A9DA00E35366 /* Build configuration list for PBXNativeTarget "MyPokedexSwiftUI" */ = {
			isa = XCConfigurationList;
			buildConfigurations = (
				0E4FB38E2B65A9DA00E35366 /* Debug */,
				0E4FB38F2B65A9DA00E35366 /* Release */,
			);
			defaultConfigurationIsVisible = 0;
			defaultConfigurationName = Release;
		};
		0E4FB3902B65A9DA00E35366 /* Build configuration list for PBXNativeTarget "MyPokedexSwiftUITests" */ = {
			isa = XCConfigurationList;
			buildConfigurations = (
				0E4FB3912B65A9DA00E35366 /* Debug */,
				0E4FB3922B65A9DA00E35366 /* Release */,
			);
			defaultConfigurationIsVisible = 0;
			defaultConfigurationName = Release;
		};
		0E4FB3932B65A9DA00E35366 /* Build configuration list for PBXNativeTarget "MyPokedexSwiftUIUITests" */ = {
			isa = XCConfigurationList;
			buildConfigurations = (
				0E4FB3942B65A9DA00E35366 /* Debug */,
				0E4FB3952B65A9DA00E35366 /* Release */,
			);
			defaultConfigurationIsVisible = 0;
			defaultConfigurationName = Release;
		};
/* End XCConfigurationList section */
	};
	rootObject = 0E4FB3612B65A9D900E35366 /* Project object */;
}
